
Microsoft Visual Studio Solution File, Format Version 12.00
# Visual Studio 14
VisualStudioVersion = 14.0.25420.1
MinimumVisualStudioVersion = 10.0.40219.1
Project("{2150E333-8FDC-42A3-9474-1A3956D46DE8}") = "Engine", "Engine", "{1BA0135E-D00D-4630-90AE-46155182E35A}"
EndProject
Project("{2150E333-8FDC-42A3-9474-1A3956D46DE8}") = "Games", "Games", "{47988111-4A5A-4B34-9DCB-EBB173605B4C}"
EndProject
Project("{8BC9CEB8-8B4A-11D0-8D11-00A0C91BC942}") = "UE4", "Intermediate\ProjectFiles\UE4.vcxproj", "{8995F2D1-2292-48F9-A3F9-913EBC2A2FDC}"
EndProject
Project("{8BC9CEB8-8B4A-11D0-8D11-00A0C91BC942}") = "One", "Intermediate\ProjectFiles\One.vcxproj", "{4B76DC0E-0DCE-44E2-8D38-FC67AEC5D745}"
EndProject
Global
	GlobalSection(SolutionConfigurationPlatforms) = preSolution
		DebugGame Editor|Win32 = DebugGame Editor|Win32
		DebugGame Editor|Win64 = DebugGame Editor|Win64
		DebugGame|Win32 = DebugGame|Win32
		DebugGame|Win64 = DebugGame|Win64
		Development Editor|Win32 = Development Editor|Win32
		Development Editor|Win64 = Development Editor|Win64
		Development|Win32 = Development|Win32
		Development|Win64 = Development|Win64
		Shipping|Win32 = Shipping|Win32
		Shipping|Win64 = Shipping|Win64
	EndGlobalSection
	GlobalSection(ProjectConfigurationPlatforms) = postSolution
		{8995F2D1-2292-48F9-A3F9-913EBC2A2FDC}.DebugGame Editor|Win32.ActiveCfg = BuiltWithUnrealBuildTool|Win32
		{8995F2D1-2292-48F9-A3F9-913EBC2A2FDC}.DebugGame Editor|Win32.Build.0 = BuiltWithUnrealBuildTool|Win32
		{8995F2D1-2292-48F9-A3F9-913EBC2A2FDC}.DebugGame Editor|Win64.ActiveCfg = BuiltWithUnrealBuildTool|Win32
		{8995F2D1-2292-48F9-A3F9-913EBC2A2FDC}.DebugGame Editor|Win64.Build.0 = BuiltWithUnrealBuildTool|Win32
		{8995F2D1-2292-48F9-A3F9-913EBC2A2FDC}.DebugGame|Win32.ActiveCfg = BuiltWithUnrealBuildTool|Win32
		{8995F2D1-2292-48F9-A3F9-913EBC2A2FDC}.DebugGame|Win32.Build.0 = BuiltWithUnrealBuildTool|Win32
		{8995F2D1-2292-48F9-A3F9-913EBC2A2FDC}.DebugGame|Win64.ActiveCfg = BuiltWithUnrealBuildTool|Win32
		{8995F2D1-2292-48F9-A3F9-913EBC2A2FDC}.DebugGame|Win64.Build.0 = BuiltWithUnrealBuildTool|Win32
		{8995F2D1-2292-48F9-A3F9-913EBC2A2FDC}.Development Editor|Win32.ActiveCfg = BuiltWithUnrealBuildTool|Win32
		{8995F2D1-2292-48F9-A3F9-913EBC2A2FDC}.Development Editor|Win32.Build.0 = BuiltWithUnrealBuildTool|Win32
		{8995F2D1-2292-48F9-A3F9-913EBC2A2FDC}.Development Editor|Win64.ActiveCfg = BuiltWithUnrealBuildTool|Win32
		{8995F2D1-2292-48F9-A3F9-913EBC2A2FDC}.Development Editor|Win64.Build.0 = BuiltWithUnrealBuildTool|Win32
		{8995F2D1-2292-48F9-A3F9-913EBC2A2FDC}.Development|Win32.ActiveCfg = BuiltWithUnrealBuildTool|Win32
		{8995F2D1-2292-48F9-A3F9-913EBC2A2FDC}.Development|Win32.Build.0 = BuiltWithUnrealBuildTool|Win32
		{8995F2D1-2292-48F9-A3F9-913EBC2A2FDC}.Development|Win64.ActiveCfg = BuiltWithUnrealBuildTool|Win32
		{8995F2D1-2292-48F9-A3F9-913EBC2A2FDC}.Development|Win64.Build.0 = BuiltWithUnrealBuildTool|Win32
		{8995F2D1-2292-48F9-A3F9-913EBC2A2FDC}.Shipping|Win32.ActiveCfg = BuiltWithUnrealBuildTool|Win32
		{8995F2D1-2292-48F9-A3F9-913EBC2A2FDC}.Shipping|Win32.Build.0 = BuiltWithUnrealBuildTool|Win32
		{8995F2D1-2292-48F9-A3F9-913EBC2A2FDC}.Shipping|Win64.ActiveCfg = BuiltWithUnrealBuildTool|Win32
		{8995F2D1-2292-48F9-A3F9-913EBC2A2FDC}.Shipping|Win64.Build.0 = BuiltWithUnrealBuildTool|Win32
		{4B76DC0E-0DCE-44E2-8D38-FC67AEC5D745}.DebugGame Editor|Win32.ActiveCfg = DebugGame_Editor|Win32
		{4B76DC0E-0DCE-44E2-8D38-FC67AEC5D745}.DebugGame Editor|Win64.ActiveCfg = DebugGame_Editor|x64
		{4B76DC0E-0DCE-44E2-8D38-FC67AEC5D745}.DebugGame Editor|Win64.Build.0 = DebugGame_Editor|x64
		{4B76DC0E-0DCE-44E2-8D38-FC67AEC5D745}.DebugGame|Win32.ActiveCfg = DebugGame_Game|Win32
		{4B76DC0E-0DCE-44E2-8D38-FC67AEC5D745}.DebugGame|Win32.Build.0 = DebugGame_Game|Win32
		{4B76DC0E-0DCE-44E2-8D38-FC67AEC5D745}.DebugGame|Win64.ActiveCfg = DebugGame_Game|x64
		{4B76DC0E-0DCE-44E2-8D38-FC67AEC5D745}.DebugGame|Win64.Build.0 = DebugGame_Game|x64
		{4B76DC0E-0DCE-44E2-8D38-FC67AEC5D745}.Development Editor|Win32.ActiveCfg = Development_Editor|Win32
		{4B76DC0E-0DCE-44E2-8D38-FC67AEC5D745}.Development Editor|Win64.ActiveCfg = Development_Editor|x64
		{4B76DC0E-0DCE-44E2-8D38-FC67AEC5D745}.Development Editor|Win64.Build.0 = Development_Editor|x64
		{4B76DC0E-0DCE-44E2-8D38-FC67AEC5D745}.Development|Win32.ActiveCfg = Development_Game|Win32
		{4B76DC0E-0DCE-44E2-8D38-FC67AEC5D745}.Development|Win32.Build.0 = Development_Game|Win32
		{4B76DC0E-0DCE-44E2-8D38-FC67AEC5D745}.Development|Win64.ActiveCfg = Development_Game|x64
		{4B76DC0E-0DCE-44E2-8D38-FC67AEC5D745}.Development|Win64.Build.0 = Development_Game|x64
		{4B76DC0E-0DCE-44E2-8D38-FC67AEC5D745}.Shipping|Win32.ActiveCfg = Shipping_Game|Win32
		{4B76DC0E-0DCE-44E2-8D38-FC67AEC5D745}.Shipping|Win32.Build.0 = Shipping_Game|Win32
		{4B76DC0E-0DCE-44E2-8D38-FC67AEC5D745}.Shipping|Win64.ActiveCfg = Shipping_Game|x64
		{4B76DC0E-0DCE-44E2-8D38-FC67AEC5D745}.Shipping|Win64.Build.0 = Shipping_Game|x64
	EndGlobalSection
	GlobalSection(SolutionProperties) = preSolution
		HideSolutionNode = FALSE
	EndGlobalSection
	GlobalSection(NestedProjects) = preSolution
		{8995F2D1-2292-48F9-A3F9-913EBC2A2FDC} = {1BA0135E-D00D-4630-90AE-46155182E35A}
		{4B76DC0E-0DCE-44E2-8D38-FC67AEC5D745} = {47988111-4A5A-4B34-9DCB-EBB173605B4C}
	EndGlobalSection
EndGlobal
